# This file is automatically @generated by Cargo.
# It is not intended for manual editing.
[[package]]
name = "fatfs"
version = "0.0.0"
dependencies = [
 "resea 0.0.0",
]

[[package]]
name = "hello"
version = "0.0.0"
dependencies = [
 "resea 0.0.0",
]

[[package]]
name = "ide"
version = "0.0.0"
dependencies = [
 "resea 0.0.0",
]

[[package]]
name = "linked_list_allocator"
version = "0.6.4"
source = "registry+https://github.com/rust-lang/crates.io-index"
dependencies = [
 "spin 0.5.2 (registry+https://github.com/rust-lang/crates.io-index)",
]

[[package]]
name = "memmgr"
version = "0.0.0"
dependencies = [
 "resea 0.0.0",
]

[[package]]
name = "pcat"
version = "0.0.0"
dependencies = [
 "resea 0.0.0",
]

[[package]]
name = "resea"
version = "0.0.0"
dependencies = [
 "linked_list_allocator 0.6.4 (registry+https://github.com/rust-lang/crates.io-index)",
]

[[package]]
name = "spin"
version = "0.5.2"
source = "registry+https://github.com/rust-lang/crates.io-index"

[metadata]
"checksum linked_list_allocator 0.6.4 (registry+https://github.com/rust-lang/crates.io-index)" = "47314ec1d29aa869ee7cb5a5be57be9b1055c56567d59c3fb6689926743e0bea"
"checksum spin 0.5.2 (registry+https://github.com/rust-lang/crates.io-index)" = "6e63cff320ae2c57904679ba7cb63280a3dc4613885beafb148ee7bf9aa9042d"
